PODS:
  - Tor/Core (408.7.1)
  - Tor/CTor (408.7.1):
    - Tor/Core
  - Tor/GeoIP (408.7.1):
    - Tor/CTor

DEPENDENCIES:
  - Tor/GeoIP (from `../`)

EXTERNAL SOURCES:
  Tor:
    :path: "../"

SPEC CHECKSUMS:
  Tor: c54a108ff3e2b14b30003f4afae40b398148bedd

PODFILE CHECKSUM: 2f9608a531e3d9b797e8856fe1dda57dd0b95e4c

COCOAPODS: 1.13.0
