PODS:
  - Tor/Core (408.17.4)
  - Tor/CTor (408.17.4):
    - Tor/Core
  - Tor/GeoIP (408.17.4):
    - Tor/CTor

DEPENDENCIES:
  - Tor/GeoIP (from `../`)

EXTERNAL SOURCES:
  Tor:
    :path: "../"

SPEC CHECKSUMS:
  Tor: 608f28d88fcc4173328ead965e7f811cb094c4c2

PODFILE CHECKSUM: d374a8c7f730427e1c63ad52983d8c179d51f61f

COCOAPODS: 1.16.2
