PODS:
  - Tor/Core (408.17.2)
  - Tor/CTor (408.17.2):
    - Tor/Core
  - Tor/GeoIP (408.17.2):
    - Tor/CTor

DEPENDENCIES:
  - Tor/GeoIP (from `../`)

EXTERNAL SOURCES:
  Tor:
    :path: "../"

SPEC CHECKSUMS:
  Tor: 1ae8ef3077915b4b17ada865efa199bae5392c1b

PODFILE CHECKSUM: d374a8c7f730427e1c63ad52983d8c179d51f61f

COCOAPODS: 1.16.2
