// !$*UTF8*$!
{
	archiveVersion = 1;
	classes = {
	};
	objectVersion = 46;
	objects = {

/* Begin PBXBuildFile section */
		8A44D7431FA3C9FC00C4E1C0 /* liblzma.a in Frameworks */ = {isa = PBXBuildFile; fileRef = 8A44D7411FA3C9FC00C4E1C0 /* liblzma.a */; };
		8A44D7441FA3D4E400C4E1C0 /* liblzma.a in Frameworks */ = {isa = PBXBuildFile; fileRef = 8A44D7411FA3C9FC00C4E1C0 /* liblzma.a */; };
		D012AB8D1BC2920C004BE7A6 /* TORController.m in Sources */ = {isa = PBXBuildFile; fileRef = D0FBEC941B79BCF6005C7577 /* TORController.m */; };
		D012AB8E1BC2920E004BE7A6 /* Tor.h in Headers */ = {isa = PBXBuildFile; fileRef = D0FBEC701B79BAD7005C7577 /* Tor.h */; settings = {ATTRIBUTES = (Public, ); }; };
		D012AB8F1BC29220004BE7A6 /* TORConfiguration.m in Sources */ = {isa = PBXBuildFile; fileRef = D0B283AD1B79CF6600D0DDA9 /* TORConfiguration.m */; };
		D012AB901BC293BE004BE7A6 /* TORController.h in Headers */ = {isa = PBXBuildFile; fileRef = D0FBEC931B79BCF6005C7577 /* TORController.h */; settings = {ATTRIBUTES = (Public, ); }; };
		D012AB911BC293BE004BE7A6 /* TORConfiguration.h in Headers */ = {isa = PBXBuildFile; fileRef = D0B283AC1B79CF6600D0DDA9 /* TORConfiguration.h */; settings = {ATTRIBUTES = (Public, ); }; };
		D0198A9B1C63D97C00EA0043 /* TORThread.m in Sources */ = {isa = PBXBuildFile; fileRef = D0FBEC961B79BCF6005C7577 /* TORThread.m */; };
		D0198AB41C63E16500EA0043 /* libtor.a in Frameworks */ = {isa = PBXBuildFile; fileRef = D0FBECBC1B79C360005C7577 /* libtor.a */; };
		D0198AB51C63E16500EA0043 /* libor.a in Frameworks */ = {isa = PBXBuildFile; fileRef = D0FBECBB1B79C360005C7577 /* libor.a */; };
		D0198AB61C63E16500EA0043 /* libor-crypto.a in Frameworks */ = {isa = PBXBuildFile; fileRef = D0FBECB91B79C360005C7577 /* libor-crypto.a */; };
		D0198AB71C63E16500EA0043 /* libor-event.a in Frameworks */ = {isa = PBXBuildFile; fileRef = D0FBECBA1B79C360005C7577 /* libor-event.a */; };
		D0198AB81C63E16500EA0043 /* libcurve25519_donna.a in Frameworks */ = {isa = PBXBuildFile; fileRef = D0FBECB81B79C360005C7577 /* libcurve25519_donna.a */; };
		D0198AB91C63E16500EA0043 /* libevent.a in Frameworks */ = {isa = PBXBuildFile; fileRef = D0FBECAE1B79C0FE005C7577 /* libevent.a */; };
		D0198ABA1C63E16500EA0043 /* libevent_core.a in Frameworks */ = {isa = PBXBuildFile; fileRef = D0FBECAA1B79C0FE005C7577 /* libevent_core.a */; };
		D0198ABB1C63E16500EA0043 /* libevent_extra.a in Frameworks */ = {isa = PBXBuildFile; fileRef = D0FBECAB1B79C0FE005C7577 /* libevent_extra.a */; };
		D0198ABC1C63E16500EA0043 /* libevent_pthreads.a in Frameworks */ = {isa = PBXBuildFile; fileRef = D0FBECAD1B79C0FE005C7577 /* libevent_pthreads.a */; };
		D0198ABD1C63E16500EA0043 /* libcrypto.a in Frameworks */ = {isa = PBXBuildFile; fileRef = D0FBECA51B79C014005C7577 /* libcrypto.a */; };
		D0198ABE1C63E16500EA0043 /* libssl.a in Frameworks */ = {isa = PBXBuildFile; fileRef = D0FBECA61B79C014005C7577 /* libssl.a */; };
		D0198ABF1C63E16500EA0043 /* libz.dylib in Frameworks */ = {isa = PBXBuildFile; fileRef = D02437B31B79CF2C006B48E0 /* libz.dylib */; };
		D0198AC81C63EF2F00EA0043 /* libed25519_donna.a in Frameworks */ = {isa = PBXBuildFile; fileRef = D0198AC61C63EF2F00EA0043 /* libed25519_donna.a */; };
		D0198AC91C63EF2F00EA0043 /* libed25519_donna.a in Frameworks */ = {isa = PBXBuildFile; fileRef = D0198AC61C63EF2F00EA0043 /* libed25519_donna.a */; };
		D0198ACA1C63EF2F00EA0043 /* libed25519_ref10.a in Frameworks */ = {isa = PBXBuildFile; fileRef = D0198AC71C63EF2F00EA0043 /* libed25519_ref10.a */; };
		D0198ACB1C63EF2F00EA0043 /* libed25519_ref10.a in Frameworks */ = {isa = PBXBuildFile; fileRef = D0198AC71C63EF2F00EA0043 /* libed25519_ref10.a */; };
		D0198ACD1C63F23800EA0043 /* libor-trunnel.a in Frameworks */ = {isa = PBXBuildFile; fileRef = D0198ACC1C63F23800EA0043 /* libor-trunnel.a */; };
		D0198ACE1C63F23800EA0043 /* libor-trunnel.a in Frameworks */ = {isa = PBXBuildFile; fileRef = D0198ACC1C63F23800EA0043 /* libor-trunnel.a */; };
		D02437B41B79CF2C006B48E0 /* libz.dylib in Frameworks */ = {isa = PBXBuildFile; fileRef = D02437B31B79CF2C006B48E0 /* libz.dylib */; };
		D03197121F6493A500720808 /* TORLogging.h in Headers */ = {isa = PBXBuildFile; fileRef = D03197101F6493A500720808 /* TORLogging.h */; settings = {ATTRIBUTES = (Public, ); }; };
		D03197131F6493A500720808 /* TORLogging.h in Headers */ = {isa = PBXBuildFile; fileRef = D03197101F6493A500720808 /* TORLogging.h */; settings = {ATTRIBUTES = (Public, ); }; };
		D03197141F6493A500720808 /* TORLogging.m in Sources */ = {isa = PBXBuildFile; fileRef = D03197111F6493A500720808 /* TORLogging.m */; };
		D03197151F6493A500720808 /* TORLogging.m in Sources */ = {isa = PBXBuildFile; fileRef = D03197111F6493A500720808 /* TORLogging.m */; };
		D08892B91DD9D23B009DB0CD /* libor-ctime.a in Frameworks */ = {isa = PBXBuildFile; fileRef = D08892B81DD9D23B009DB0CD /* libor-ctime.a */; };
		D08892BA1DD9D23B009DB0CD /* libor-ctime.a in Frameworks */ = {isa = PBXBuildFile; fileRef = D08892B81DD9D23B009DB0CD /* libor-ctime.a */; };
		D08892BE1DDA5C36009DB0CD /* TORConfigurationTests.m in Sources */ = {isa = PBXBuildFile; fileRef = D0B283B01B79D73700D0DDA9 /* TORConfigurationTests.m */; };
		D08892BF1DDA5E99009DB0CD /* TORControllerTests.m in Sources */ = {isa = PBXBuildFile; fileRef = D0FBEC7E1B79BB01005C7577 /* TORControllerTests.m */; };
		D08892C01DDA5E9A009DB0CD /* TORControllerTests.m in Sources */ = {isa = PBXBuildFile; fileRef = D0FBEC7E1B79BB01005C7577 /* TORControllerTests.m */; };
		D08892EC1DDA69C1009DB0CD /* main.m in Sources */ = {isa = PBXBuildFile; fileRef = D08892E01DDA6919009DB0CD /* main.m */; };
		D08892ED1DDA69C1009DB0CD /* MainMenu.xib in Resources */ = {isa = PBXBuildFile; fileRef = D08892E11DDA6919009DB0CD /* MainMenu.xib */; };
		D0943CC21D528E5D0057F67C /* libkeccak-tiny.a in Frameworks */ = {isa = PBXBuildFile; fileRef = D0943CC11D528E5D0057F67C /* libkeccak-tiny.a */; };
		D0943CC31D528E5E0057F67C /* libkeccak-tiny.a in Frameworks */ = {isa = PBXBuildFile; fileRef = D0943CC11D528E5D0057F67C /* libkeccak-tiny.a */; };
		D09E544E1C643B61001DB8F8 /* TORThread.h in Headers */ = {isa = PBXBuildFile; fileRef = D0FBEC951B79BCF6005C7577 /* TORThread.h */; settings = {ATTRIBUTES = (Public, ); }; };
		D0B283AE1B79CF6600D0DDA9 /* TORConfiguration.h in Headers */ = {isa = PBXBuildFile; fileRef = D0B283AC1B79CF6600D0DDA9 /* TORConfiguration.h */; settings = {ATTRIBUTES = (Public, ); }; };
		D0B283AF1B79CF6600D0DDA9 /* TORConfiguration.m in Sources */ = {isa = PBXBuildFile; fileRef = D0B283AD1B79CF6600D0DDA9 /* TORConfiguration.m */; };
		D0B283B11B79D73700D0DDA9 /* TORConfigurationTests.m in Sources */ = {isa = PBXBuildFile; fileRef = D0B283B01B79D73700D0DDA9 /* TORConfigurationTests.m */; };
		D0B283D51B79D84100D0DDA9 /* main.m in Sources */ = {isa = PBXBuildFile; fileRef = D0B283D21B79D84100D0DDA9 /* main.m */; };
		D0FBEC711B79BAD7005C7577 /* Tor.h in Headers */ = {isa = PBXBuildFile; fileRef = D0FBEC701B79BAD7005C7577 /* Tor.h */; settings = {ATTRIBUTES = (Public, ); }; };
		D0FBEC811B79BB01005C7577 /* Tor.framework in Frameworks */ = {isa = PBXBuildFile; fileRef = D0FBEC6D1B79BAD7005C7577 /* Tor.framework */; };
		D0FBEC971B79BCF6005C7577 /* TORController.h in Headers */ = {isa = PBXBuildFile; fileRef = D0FBEC931B79BCF6005C7577 /* TORController.h */; settings = {ATTRIBUTES = (Public, ); }; };
		D0FBEC981B79BCF6005C7577 /* TORController.m in Sources */ = {isa = PBXBuildFile; fileRef = D0FBEC941B79BCF6005C7577 /* TORController.m */; };
		D0FBEC991B79BCF6005C7577 /* TORThread.h in Headers */ = {isa = PBXBuildFile; fileRef = D0FBEC951B79BCF6005C7577 /* TORThread.h */; settings = {ATTRIBUTES = (Public, ); }; };
		D0FBEC9A1B79BCF6005C7577 /* TORThread.m in Sources */ = {isa = PBXBuildFile; fileRef = D0FBEC961B79BCF6005C7577 /* TORThread.m */; };
		D0FBECA71B79C014005C7577 /* libcrypto.a in Frameworks */ = {isa = PBXBuildFile; fileRef = D0FBECA51B79C014005C7577 /* libcrypto.a */; };
		D0FBECA81B79C014005C7577 /* libssl.a in Frameworks */ = {isa = PBXBuildFile; fileRef = D0FBECA61B79C014005C7577 /* libssl.a */; };
		D0FBECAF1B79C0FE005C7577 /* libevent_core.a in Frameworks */ = {isa = PBXBuildFile; fileRef = D0FBECAA1B79C0FE005C7577 /* libevent_core.a */; };
		D0FBECB01B79C0FE005C7577 /* libevent_extra.a in Frameworks */ = {isa = PBXBuildFile; fileRef = D0FBECAB1B79C0FE005C7577 /* libevent_extra.a */; };
		D0FBECB21B79C0FE005C7577 /* libevent_pthreads.a in Frameworks */ = {isa = PBXBuildFile; fileRef = D0FBECAD1B79C0FE005C7577 /* libevent_pthreads.a */; };
		D0FBECB31B79C0FE005C7577 /* libevent.a in Frameworks */ = {isa = PBXBuildFile; fileRef = D0FBECAE1B79C0FE005C7577 /* libevent.a */; };
		D0FBECBD1B79C360005C7577 /* libcurve25519_donna.a in Frameworks */ = {isa = PBXBuildFile; fileRef = D0FBECB81B79C360005C7577 /* libcurve25519_donna.a */; };
		D0FBECBE1B79C360005C7577 /* libor-crypto.a in Frameworks */ = {isa = PBXBuildFile; fileRef = D0FBECB91B79C360005C7577 /* libor-crypto.a */; };
		D0FBECBF1B79C360005C7577 /* libor-event.a in Frameworks */ = {isa = PBXBuildFile; fileRef = D0FBECBA1B79C360005C7577 /* libor-event.a */; };
		D0FBECC01B79C360005C7577 /* libor.a in Frameworks */ = {isa = PBXBuildFile; fileRef = D0FBECBB1B79C360005C7577 /* libor.a */; };
		D0FBECC11B79C360005C7577 /* libtor.a in Frameworks */ = {isa = PBXBuildFile; fileRef = D0FBECBC1B79C360005C7577 /* libtor.a */; };
/* End PBXBuildFile section */

/* Begin PBXContainerItemProxy section */
		8A44D7361FA3C44800C4E1C0 /* PBXContainerItemProxy */ = {
			isa = PBXContainerItemProxy;
			containerPortal = D0FBEC641B79BAD7005C7577 /* Project object */;
			proxyType = 1;
			remoteGlobalIDString = 8A44D72E1FA3C41100C4E1C0;
			remoteInfo = "xz-iOS";
		};
		8A44D7381FA3C44E00C4E1C0 /* PBXContainerItemProxy */ = {
			isa = PBXContainerItemProxy;
			containerPortal = D0FBEC641B79BAD7005C7577 /* Project object */;
			proxyType = 1;
			remoteGlobalIDString = 8A44D7321FA3C41700C4E1C0;
			remoteInfo = "xz-Mac";
		};
		D0198AAC1C63DF5700EA0043 /* PBXContainerItemProxy */ = {
			isa = PBXContainerItemProxy;
			containerPortal = D0FBEC641B79BAD7005C7577 /* Project object */;
			proxyType = 1;
			remoteGlobalIDString = D0198A9C1C63DA5D00EA0043;
			remoteInfo = "openssl-Mac";
		};
		D0198AAE1C63DF6000EA0043 /* PBXContainerItemProxy */ = {
			isa = PBXContainerItemProxy;
			containerPortal = D0FBEC641B79BAD7005C7577 /* Project object */;
			proxyType = 1;
			remoteGlobalIDString = D0198AA01C63DE2100EA0043;
			remoteInfo = "libevent-Mac";
		};
		D0198AB01C63DF6000EA0043 /* PBXContainerItemProxy */ = {
			isa = PBXContainerItemProxy;
			containerPortal = D0FBEC641B79BAD7005C7577 /* Project object */;
			proxyType = 1;
			remoteGlobalIDString = D0198A9C1C63DA5D00EA0043;
			remoteInfo = "openssl-Mac";
		};
		D0198AB21C63DF9A00EA0043 /* PBXContainerItemProxy */ = {
			isa = PBXContainerItemProxy;
			containerPortal = D0FBEC641B79BAD7005C7577 /* Project object */;
			proxyType = 1;
			remoteGlobalIDString = D0198AA41C63DEFF00EA0043;
			remoteInfo = "tor-Mac";
		};
		D08892F01DDA6A5E009DB0CD /* PBXContainerItemProxy */ = {
			isa = PBXContainerItemProxy;
			containerPortal = D0FBEC641B79BAD7005C7577 /* Project object */;
			proxyType = 1;
			remoteGlobalIDString = D08892E21DDA692C009DB0CD;
			remoteInfo = "Host-Mac";
		};
		D0928DBA1C7A99C300D15679 /* PBXContainerItemProxy */ = {
			isa = PBXContainerItemProxy;
			containerPortal = D0FBEC641B79BAD7005C7577 /* Project object */;
			proxyType = 1;
			remoteGlobalIDString = D012AB841BC290D0004BE7A6;
			remoteInfo = "Tor-Mac";
		};
		D0AE19341B79D9AE0042BBC8 /* PBXContainerItemProxy */ = {
			isa = PBXContainerItemProxy;
			containerPortal = D0FBEC641B79BAD7005C7577 /* Project object */;
			proxyType = 1;
			remoteGlobalIDString = D0B283B71B79D7FA00D0DDA9;
			remoteInfo = Host;
		};
		D0B283A81B79C90400D0DDA9 /* PBXContainerItemProxy */ = {
			isa = PBXContainerItemProxy;
			containerPortal = D0FBEC641B79BAD7005C7577 /* Project object */;
			proxyType = 1;
			remoteGlobalIDString = D0FBEC8F1B79BC2A005C7577;
			remoteInfo = openssl;
		};
		D0B59CF31B8D7DFA00AFDFF9 /* PBXContainerItemProxy */ = {
			isa = PBXContainerItemProxy;
			containerPortal = D0FBEC641B79BAD7005C7577 /* Project object */;
			proxyType = 1;
			remoteGlobalIDString = D0FBEC871B79BC19005C7577;
			remoteInfo = tor;
		};
		D0FBEC821B79BB01005C7577 /* PBXContainerItemProxy */ = {
			isa = PBXContainerItemProxy;
			containerPortal = D0FBEC641B79BAD7005C7577 /* Project object */;
			proxyType = 1;
			remoteGlobalIDString = D0FBEC6C1B79BAD7005C7577;
			remoteInfo = Tor;
		};
		D0FBECC21B79C54E005C7577 /* PBXContainerItemProxy */ = {
			isa = PBXContainerItemProxy;
			containerPortal = D0FBEC641B79BAD7005C7577 /* Project object */;
			proxyType = 1;
			remoteGlobalIDString = D0FBEC8B1B79BC22005C7577;
			remoteInfo = libevent;
		};
		D0FBECC41B79C54E005C7577 /* PBXContainerItemProxy */ = {
			isa = PBXContainerItemProxy;
			containerPortal = D0FBEC641B79BAD7005C7577 /* Project object */;
			proxyType = 1;
			remoteGlobalIDString = D0FBEC8F1B79BC2A005C7577;
			remoteInfo = openssl;
		};
/* End PBXContainerItemProxy section */

/* Begin PBXFileReference section */
		8A44D72D1FA3BBE000C4E1C0 /* xz.sh */ = {isa = PBXFileReference; fileEncoding = 4; lastKnownFileType = text.script.sh; name = xz.sh; path = Tor/xz.sh; sourceTree = "<group>"; };
		8A44D7411FA3C9FC00C4E1C0 /* liblzma.a */ = {isa = PBXFileReference; lastKnownFileType = archive.ar; path = liblzma.a; sourceTree = BUILT_PRODUCTS_DIR; };
		A0428A991FA0E72D00593F79 /* README.md */ = {isa = PBXFileReference; fileEncoding = 4; lastKnownFileType = net.daringfireball.markdown; path = README.md; sourceTree = "<group>"; };
		D012AB851BC290D0004BE7A6 /* Tor.framework */ = {isa = PBXFileReference; explicitFileType = wrapper.framework; includeInIndex = 0; path = Tor.framework; sourceTree = BUILT_PRODUCTS_DIR; };
		D0198AC61C63EF2F00EA0043 /* libed25519_donna.a */ = {isa = PBXFileReference; lastKnownFileType = archive.ar; path = libed25519_donna.a; sourceTree = BUILT_PRODUCTS_DIR; };
		D0198AC71C63EF2F00EA0043 /* libed25519_ref10.a */ = {isa = PBXFileReference; lastKnownFileType = archive.ar; path = libed25519_ref10.a; sourceTree = BUILT_PRODUCTS_DIR; };
		D0198ACC1C63F23800EA0043 /* libor-trunnel.a */ = {isa = PBXFileReference; lastKnownFileType = archive.ar; path = "libor-trunnel.a"; sourceTree = BUILT_PRODUCTS_DIR; };
		D02437B31B79CF2C006B48E0 /* libz.dylib */ = {isa = PBXFileReference; lastKnownFileType = "compiled.mach-o.dylib"; name = libz.dylib; path = usr/lib/libz.dylib; sourceTree = SDKROOT; };
		D03196E41F647A7100720808 /* iOS-StaticLibrary.xcconfig */ = {isa = PBXFileReference; lastKnownFileType = text.xcconfig; name = "iOS-StaticLibrary.xcconfig"; path = "Carthage/Checkouts/xcconfigs/iOS/iOS-StaticLibrary.xcconfig"; sourceTree = "<group>"; };
		D03196E51F647A7F00720808 /* Mac-StaticLibrary.xcconfig */ = {isa = PBXFileReference; lastKnownFileType = text.xcconfig; name = "Mac-StaticLibrary.xcconfig"; path = "Carthage/Checkouts/xcconfigs/Mac OS X/Mac-StaticLibrary.xcconfig"; sourceTree = "<group>"; };
		D03197101F6493A500720808 /* TORLogging.h */ = {isa = PBXFileReference; lastKnownFileType = sourcecode.c.h; path = TORLogging.h; sourceTree = "<group>"; };
		D03197111F6493A500720808 /* TORLogging.m */ = {isa = PBXFileReference; lastKnownFileType = sourcecode.c.objc; path = TORLogging.m; sourceTree = "<group>"; };
		D0401AD61D2CB8C300602E9B /* Tor-iOS.xcconfig */ = {isa = PBXFileReference; lastKnownFileType = text.xcconfig; name = "Tor-iOS.xcconfig"; path = "Tor/Tor-iOS.xcconfig"; sourceTree = "<group>"; };
		D0401AD71D2CB8C300602E9B /* Tor-Mac.xcconfig */ = {isa = PBXFileReference; lastKnownFileType = text.xcconfig; name = "Tor-Mac.xcconfig"; path = "Tor/Tor-Mac.xcconfig"; sourceTree = "<group>"; };
		D0401AD81D2CB8C300602E9B /* Tor.xcconfig */ = {isa = PBXFileReference; lastKnownFileType = text.xcconfig; name = Tor.xcconfig; path = Tor/Tor.xcconfig; sourceTree = "<group>"; };
		D0593D731F27F21800A8872F /* Release.xcconfig */ = {isa = PBXFileReference; lastKnownFileType = text.xcconfig; name = Release.xcconfig; path = Carthage/Checkouts/xcconfigs/Base/Configurations/Release.xcconfig; sourceTree = "<group>"; };
		D0593D741F27F21800A8872F /* Debug.xcconfig */ = {isa = PBXFileReference; lastKnownFileType = text.xcconfig; name = Debug.xcconfig; path = Carthage/Checkouts/xcconfigs/Base/Configurations/Debug.xcconfig; sourceTree = "<group>"; };
		D08892B81DD9D23B009DB0CD /* libor-ctime.a */ = {isa = PBXFileReference; lastKnownFileType = archive.ar; path = "libor-ctime.a"; sourceTree = BUILT_PRODUCTS_DIR; };
		D08892DF1DDA6919009DB0CD /* Info.plist */ = {isa = PBXFileReference; lastKnownFileType = text.plist.xml; path = Info.plist; sourceTree = "<group>"; };
		D08892E01DDA6919009DB0CD /* main.m */ = {isa = PBXFileReference; lastKnownFileType = sourcecode.c.objc; path = main.m; sourceTree = "<group>"; };
		D08892E11DDA6919009DB0CD /* MainMenu.xib */ = {isa = PBXFileReference; lastKnownFileType = file.xib; path = MainMenu.xib; sourceTree = "<group>"; };
		D08892EA1DDA692C009DB0CD /* Host.app */ = {isa = PBXFileReference; explicitFileType = wrapper.application; includeInIndex = 0; path = Host.app; sourceTree = BUILT_PRODUCTS_DIR; };
		D0943CC11D528E5D0057F67C /* libkeccak-tiny.a */ = {isa = PBXFileReference; lastKnownFileType = archive.ar; path = "libkeccak-tiny.a"; sourceTree = BUILT_PRODUCTS_DIR; };
		D0B283AC1B79CF6600D0DDA9 /* TORConfiguration.h */ = {isa = PBXFileReference; fileEncoding = 4; lastKnownFileType = sourcecode.c.h; path = TORConfiguration.h; sourceTree = "<group>"; };
		D0B283AD1B79CF6600D0DDA9 /* TORConfiguration.m */ = {isa = PBXFileReference; fileEncoding = 4; lastKnownFileType = sourcecode.c.objc; path = TORConfiguration.m; sourceTree = "<group>"; };
		D0B283B01B79D73700D0DDA9 /* TORConfigurationTests.m */ = {isa = PBXFileReference; fileEncoding = 4; lastKnownFileType = sourcecode.c.objc; path = TORConfigurationTests.m; sourceTree = "<group>"; };
		D0B283B81B79D7FA00D0DDA9 /* Host.app */ = {isa = PBXFileReference; explicitFileType = wrapper.application; includeInIndex = 0; path = Host.app; sourceTree = BUILT_PRODUCTS_DIR; };
		D0B283D01B79D84100D0DDA9 /* Info.plist */ = {isa = PBXFileReference; fileEncoding = 4; lastKnownFileType = text.plist.xml; path = Info.plist; sourceTree = "<group>"; };
		D0B283D11B79D84100D0DDA9 /* LaunchScreen.storyboard */ = {isa = PBXFileReference; fileEncoding = 4; lastKnownFileType = file.storyboard; path = LaunchScreen.storyboard; sourceTree = "<group>"; };
		D0B283D21B79D84100D0DDA9 /* main.m */ = {isa = PBXFileReference; fileEncoding = 4; lastKnownFileType = sourcecode.c.objc; path = main.m; sourceTree = "<group>"; };
		D0FBEC6D1B79BAD7005C7577 /* Tor.framework */ = {isa = PBXFileReference; explicitFileType = wrapper.framework; includeInIndex = 0; path = Tor.framework; sourceTree = BUILT_PRODUCTS_DIR; };
		D0FBEC701B79BAD7005C7577 /* Tor.h */ = {isa = PBXFileReference; lastKnownFileType = sourcecode.c.h; path = Tor.h; sourceTree = "<group>"; };
		D0FBEC721B79BAD7005C7577 /* Info.plist */ = {isa = PBXFileReference; lastKnownFileType = text.plist.xml; path = Info.plist; sourceTree = "<group>"; };
		D0FBEC7C1B79BB01005C7577 /* TorTests.xctest */ = {isa = PBXFileReference; explicitFileType = wrapper.cfbundle; includeInIndex = 0; path = TorTests.xctest; sourceTree = BUILT_PRODUCTS_DIR; };
		D0FBEC7E1B79BB01005C7577 /* TORControllerTests.m */ = {isa = PBXFileReference; lastKnownFileType = sourcecode.c.objc; path = TORControllerTests.m; sourceTree = "<group>"; };
		D0FBEC801B79BB01005C7577 /* Info.plist */ = {isa = PBXFileReference; lastKnownFileType = text.plist.xml; path = Info.plist; sourceTree = "<group>"; };
		D0FBEC931B79BCF6005C7577 /* TORController.h */ = {isa = PBXFileReference; fileEncoding = 4; lastKnownFileType = sourcecode.c.h; path = TORController.h; sourceTree = "<group>"; };
		D0FBEC941B79BCF6005C7577 /* TORController.m */ = {isa = PBXFileReference; fileEncoding = 4; lastKnownFileType = sourcecode.c.objc; path = TORController.m; sourceTree = "<group>"; };
		D0FBEC951B79BCF6005C7577 /* TORThread.h */ = {isa = PBXFileReference; fileEncoding = 4; lastKnownFileType = sourcecode.c.h; path = TORThread.h; sourceTree = "<group>"; };
		D0FBEC961B79BCF6005C7577 /* TORThread.m */ = {isa = PBXFileReference; fileEncoding = 4; lastKnownFileType = sourcecode.c.objc; path = TORThread.m; sourceTree = "<group>"; };
		D0FBEC9B1B79BD05005C7577 /* libevent.sh */ = {isa = PBXFileReference; lastKnownFileType = text.script.sh; name = libevent.sh; path = Tor/libevent.sh; sourceTree = "<group>"; };
		D0FBEC9C1B79BD05005C7577 /* openssl.sh */ = {isa = PBXFileReference; lastKnownFileType = text.script.sh; name = openssl.sh; path = Tor/openssl.sh; sourceTree = "<group>"; };
		D0FBEC9D1B79BD05005C7577 /* tor.sh */ = {isa = PBXFileReference; lastKnownFileType = text.script.sh; name = tor.sh; path = Tor/tor.sh; sourceTree = "<group>"; };
		D0FBECA51B79C014005C7577 /* libcrypto.a */ = {isa = PBXFileReference; lastKnownFileType = archive.ar; path = libcrypto.a; sourceTree = BUILT_PRODUCTS_DIR; };
		D0FBECA61B79C014005C7577 /* libssl.a */ = {isa = PBXFileReference; lastKnownFileType = archive.ar; path = libssl.a; sourceTree = BUILT_PRODUCTS_DIR; };
		D0FBECAA1B79C0FE005C7577 /* libevent_core.a */ = {isa = PBXFileReference; lastKnownFileType = archive.ar; path = libevent_core.a; sourceTree = BUILT_PRODUCTS_DIR; };
		D0FBECAB1B79C0FE005C7577 /* libevent_extra.a */ = {isa = PBXFileReference; lastKnownFileType = archive.ar; path = libevent_extra.a; sourceTree = BUILT_PRODUCTS_DIR; };
		D0FBECAD1B79C0FE005C7577 /* libevent_pthreads.a */ = {isa = PBXFileReference; lastKnownFileType = archive.ar; path = libevent_pthreads.a; sourceTree = BUILT_PRODUCTS_DIR; };
		D0FBECAE1B79C0FE005C7577 /* libevent.a */ = {isa = PBXFileReference; lastKnownFileType = archive.ar; path = libevent.a; sourceTree = BUILT_PRODUCTS_DIR; };
		D0FBECB81B79C360005C7577 /* libcurve25519_donna.a */ = {isa = PBXFileReference; lastKnownFileType = archive.ar; path = libcurve25519_donna.a; sourceTree = BUILT_PRODUCTS_DIR; };
		D0FBECB91B79C360005C7577 /* libor-crypto.a */ = {isa = PBXFileReference; lastKnownFileType = archive.ar; path = "libor-crypto.a"; sourceTree = BUILT_PRODUCTS_DIR; };
		D0FBECBA1B79C360005C7577 /* libor-event.a */ = {isa = PBXFileReference; lastKnownFileType = archive.ar; path = "libor-event.a"; sourceTree = BUILT_PRODUCTS_DIR; };
		D0FBECBB1B79C360005C7577 /* libor.a */ = {isa = PBXFileReference; lastKnownFileType = archive.ar; path = libor.a; sourceTree = BUILT_PRODUCTS_DIR; };
		D0FBECBC1B79C360005C7577 /* libtor.a */ = {isa = PBXFileReference; lastKnownFileType = archive.ar; path = libtor.a; sourceTree = BUILT_PRODUCTS_DIR; };
/* End PBXFileReference section */

/* Begin PBXFrameworksBuildPhase section */
		D012AB811BC290D0004BE7A6 /* Frameworks */ = {
			isa = PBXFrameworksBuildPhase;
			buildActionMask = 2147483647;
			files = (
				D0198AB81C63E16500EA0043 /* libcurve25519_donna.a in Frameworks */,
				D08892BA1DD9D23B009DB0CD /* libor-ctime.a in Frameworks */,
				D0198AB51C63E16500EA0043 /* libor.a in Frameworks */,
				D0198ABE1C63E16500EA0043 /* libssl.a in Frameworks */,
				D0198ACE1C63F23800EA0043 /* libor-trunnel.a in Frameworks */,
				D0198AB91C63E16500EA0043 /* libevent.a in Frameworks */,
				D0198ABB1C63E16500EA0043 /* libevent_extra.a in Frameworks */,
				D0198ABF1C63E16500EA0043 /* libz.dylib in Frameworks */,
				D0198AB41C63E16500EA0043 /* libtor.a in Frameworks */,
				D0198ABA1C63E16500EA0043 /* libevent_core.a in Frameworks */,
				D0943CC31D528E5E0057F67C /* libkeccak-tiny.a in Frameworks */,
				8A44D7431FA3C9FC00C4E1C0 /* liblzma.a in Frameworks */,
				D0198ABD1C63E16500EA0043 /* libcrypto.a in Frameworks */,
				D0198AB61C63E16500EA0043 /* libor-crypto.a in Frameworks */,
				D0198ACB1C63EF2F00EA0043 /* libed25519_ref10.a in Frameworks */,
				D0198ABC1C63E16500EA0043 /* libevent_pthreads.a in Frameworks */,
				D0198AC91C63EF2F00EA0043 /* libed25519_donna.a in Frameworks */,
				D0198AB71C63E16500EA0043 /* libor-event.a in Frameworks */,
			);
			runOnlyForDeploymentPostprocessing = 0;
		};
		D08892E51DDA692C009DB0CD /* Frameworks */ = {
			isa = PBXFrameworksBuildPhase;
			buildActionMask = 2147483647;
			files = (
			);
			runOnlyForDeploymentPostprocessing = 0;
		};
		D0928DB11C7A99C300D15679 /* Frameworks */ = {
			isa = PBXFrameworksBuildPhase;
			buildActionMask = 2147483647;
			files = (
			);
			runOnlyForDeploymentPostprocessing = 0;
		};
		D0B283B51B79D7FA00D0DDA9 /* Frameworks */ = {
			isa = PBXFrameworksBuildPhase;
			buildActionMask = 2147483647;
			files = (
			);
			runOnlyForDeploymentPostprocessing = 0;
		};
		D0FBEC691B79BAD7005C7577 /* Frameworks */ = {
			isa = PBXFrameworksBuildPhase;
			buildActionMask = 2147483647;
			files = (
				D02437B41B79CF2C006B48E0 /* libz.dylib in Frameworks */,
				D08892B91DD9D23B009DB0CD /* libor-ctime.a in Frameworks */,
				D0FBECC01B79C360005C7577 /* libor.a in Frameworks */,
				D0FBECA81B79C014005C7577 /* libssl.a in Frameworks */,
				D0198ACD1C63F23800EA0043 /* libor-trunnel.a in Frameworks */,
				D0FBECB21B79C0FE005C7577 /* libevent_pthreads.a in Frameworks */,
				D0FBECB31B79C0FE005C7577 /* libevent.a in Frameworks */,
				D0FBECA71B79C014005C7577 /* libcrypto.a in Frameworks */,
				D0FBECAF1B79C0FE005C7577 /* libevent_core.a in Frameworks */,
				D0FBECBD1B79C360005C7577 /* libcurve25519_donna.a in Frameworks */,
				D0943CC21D528E5D0057F67C /* libkeccak-tiny.a in Frameworks */,
				8A44D7441FA3D4E400C4E1C0 /* liblzma.a in Frameworks */,
				D0FBECC11B79C360005C7577 /* libtor.a in Frameworks */,
				D0FBECBF1B79C360005C7577 /* libor-event.a in Frameworks */,
				D0198ACA1C63EF2F00EA0043 /* libed25519_ref10.a in Frameworks */,
				D0FBECB01B79C0FE005C7577 /* libevent_extra.a in Frameworks */,
				D0198AC81C63EF2F00EA0043 /* libed25519_donna.a in Frameworks */,
				D0FBECBE1B79C360005C7577 /* libor-crypto.a in Frameworks */,
			);
			runOnlyForDeploymentPostprocessing = 0;
		};
		D0FBEC791B79BB01005C7577 /* Frameworks */ = {
			isa = PBXFrameworksBuildPhase;
			buildActionMask = 2147483647;
			files = (
				D0FBEC811B79BB01005C7577 /* Tor.framework in Frameworks */,
			);
			runOnlyForDeploymentPostprocessing = 0;
		};
/* End PBXFrameworksBuildPhase section */

/* Begin PBXGroup section */
		D0401AD51D2CB8B400602E9B /* Configuration */ = {
			isa = PBXGroup;
			children = (
				D0593D741F27F21800A8872F /* Debug.xcconfig */,
				D0593D731F27F21800A8872F /* Release.xcconfig */,
				D03196E41F647A7100720808 /* iOS-StaticLibrary.xcconfig */,
				D03196E51F647A7F00720808 /* Mac-StaticLibrary.xcconfig */,
				D0401AD81D2CB8C300602E9B /* Tor.xcconfig */,
				D0401AD61D2CB8C300602E9B /* Tor-iOS.xcconfig */,
				D0401AD71D2CB8C300602E9B /* Tor-Mac.xcconfig */,
			);
			name = Configuration;
			sourceTree = "<group>";
		};
		D08892DE1DDA6919009DB0CD /* Host-Mac */ = {
			isa = PBXGroup;
			children = (
				D08892DF1DDA6919009DB0CD /* Info.plist */,
				D08892E01DDA6919009DB0CD /* main.m */,
				D08892E11DDA6919009DB0CD /* MainMenu.xib */,
			);
			path = "Host-Mac";
			sourceTree = "<group>";
		};
		D0B283B21B79D74C00D0DDA9 /* Supporting Files */ = {
			isa = PBXGroup;
			children = (
				D0FBEC721B79BAD7005C7577 /* Info.plist */,
			);
			name = "Supporting Files";
			sourceTree = "<group>";
		};
		D0B283B31B79D75600D0DDA9 /* Supporting Files */ = {
			isa = PBXGroup;
			children = (
				D0FBEC801B79BB01005C7577 /* Info.plist */,
			);
			name = "Supporting Files";
			sourceTree = "<group>";
		};
		D0B283CF1B79D84100D0DDA9 /* Host-iOS */ = {
			isa = PBXGroup;
			children = (
				D0B283D01B79D84100D0DDA9 /* Info.plist */,
				D0B283D11B79D84100D0DDA9 /* LaunchScreen.storyboard */,
				D0B283D21B79D84100D0DDA9 /* main.m */,
			);
			path = "Host-iOS";
			sourceTree = "<group>";
		};
		D0FBEC631B79BAD7005C7577 = {
			isa = PBXGroup;
			children = (
				A0428A991FA0E72D00593F79 /* README.md */,
				D0FBEC6F1B79BAD7005C7577 /* Tor */,
				D0FBEC7D1B79BB01005C7577 /* Tests */,
				D0401AD51D2CB8B400602E9B /* Configuration */,
				D0FBEC9E1B79BD08005C7577 /* External */,
				D0FBECA91B79C023005C7577 /* Frameworks */,
				D0FBEC6E1B79BAD7005C7577 /* Products */,
			);
			sourceTree = "<group>";
		};
		D0FBEC6E1B79BAD7005C7577 /* Products */ = {
			isa = PBXGroup;
			children = (
				D0FBEC6D1B79BAD7005C7577 /* Tor.framework */,
				D0FBEC7C1B79BB01005C7577 /* TorTests.xctest */,
				D0B283B81B79D7FA00D0DDA9 /* Host.app */,
				D012AB851BC290D0004BE7A6 /* Tor.framework */,
				D08892EA1DDA692C009DB0CD /* Host.app */,
			);
			name = Products;
			sourceTree = "<group>";
		};
		D0FBEC6F1B79BAD7005C7577 /* Tor */ = {
			isa = PBXGroup;
			children = (
				D0FBEC701B79BAD7005C7577 /* Tor.h */,
				D0FBEC931B79BCF6005C7577 /* TORController.h */,
				D0FBEC941B79BCF6005C7577 /* TORController.m */,
				D0B283AC1B79CF6600D0DDA9 /* TORConfiguration.h */,
				D0B283AD1B79CF6600D0DDA9 /* TORConfiguration.m */,
				D0FBEC951B79BCF6005C7577 /* TORThread.h */,
				D0FBEC961B79BCF6005C7577 /* TORThread.m */,
				D03197101F6493A500720808 /* TORLogging.h */,
				D03197111F6493A500720808 /* TORLogging.m */,
				D0B283B21B79D74C00D0DDA9 /* Supporting Files */,
			);
			path = Tor;
			sourceTree = "<group>";
		};
		D0FBEC7D1B79BB01005C7577 /* Tests */ = {
			isa = PBXGroup;
			children = (
				D0FBEC7E1B79BB01005C7577 /* TORControllerTests.m */,
				D0B283B01B79D73700D0DDA9 /* TORConfigurationTests.m */,
				D0B283CF1B79D84100D0DDA9 /* Host-iOS */,
				D08892DE1DDA6919009DB0CD /* Host-Mac */,
				D0B283B31B79D75600D0DDA9 /* Supporting Files */,
			);
			path = Tests;
			sourceTree = "<group>";
		};
		D0FBEC9E1B79BD08005C7577 /* External */ = {
			isa = PBXGroup;
			children = (
				D0FBEC9D1B79BD05005C7577 /* tor.sh */,
				D0FBEC9B1B79BD05005C7577 /* libevent.sh */,
				D0FBEC9C1B79BD05005C7577 /* openssl.sh */,
				8A44D72D1FA3BBE000C4E1C0 /* xz.sh */,
			);
			name = External;
			sourceTree = "<group>";
		};
		D0FBECA91B79C023005C7577 /* Frameworks */ = {
			isa = PBXGroup;
			children = (
				D0FBECBC1B79C360005C7577 /* libtor.a */,
				D0FBECBB1B79C360005C7577 /* libor.a */,
				D0FBECB91B79C360005C7577 /* libor-crypto.a */,
				D08892B81DD9D23B009DB0CD /* libor-ctime.a */,
				D0FBECBA1B79C360005C7577 /* libor-event.a */,
				D0198ACC1C63F23800EA0043 /* libor-trunnel.a */,
				D0FBECB81B79C360005C7577 /* libcurve25519_donna.a */,
				D0198AC61C63EF2F00EA0043 /* libed25519_donna.a */,
				D0198AC71C63EF2F00EA0043 /* libed25519_ref10.a */,
				D0943CC11D528E5D0057F67C /* libkeccak-tiny.a */,
				D0FBECAE1B79C0FE005C7577 /* libevent.a */,
				D0FBECAA1B79C0FE005C7577 /* libevent_core.a */,
				D0FBECAB1B79C0FE005C7577 /* libevent_extra.a */,
				D0FBECAD1B79C0FE005C7577 /* libevent_pthreads.a */,
				D0FBECA51B79C014005C7577 /* libcrypto.a */,
				D0FBECA61B79C014005C7577 /* libssl.a */,
				D02437B31B79CF2C006B48E0 /* libz.dylib */,
				8A44D7411FA3C9FC00C4E1C0 /* liblzma.a */,
			);
			name = Frameworks;
			sourceTree = "<group>";
		};
/* End PBXGroup section */

/* Begin PBXHeadersBuildPhase section */
		D012AB821BC290D0004BE7A6 /* Headers */ = {
			isa = PBXHeadersBuildPhase;
			buildActionMask = 2147483647;
			files = (
				D012AB901BC293BE004BE7A6 /* TORController.h in Headers */,
				D012AB911BC293BE004BE7A6 /* TORConfiguration.h in Headers */,
				D09E544E1C643B61001DB8F8 /* TORThread.h in Headers */,
				D012AB8E1BC2920E004BE7A6 /* Tor.h in Headers */,
				D03197131F6493A500720808 /* TORLogging.h in Headers */,
			);
			runOnlyForDeploymentPostprocessing = 0;
		};
		D0FBEC6A1B79BAD7005C7577 /* Headers */ = {
			isa = PBXHeadersBuildPhase;
			buildActionMask = 2147483647;
			files = (
				D0FBEC991B79BCF6005C7577 /* TORThread.h in Headers */,
				D0B283AE1B79CF6600D0DDA9 /* TORConfiguration.h in Headers */,
				D0FBEC971B79BCF6005C7577 /* TORController.h in Headers */,
				D0FBEC711B79BAD7005C7577 /* Tor.h in Headers */,
				D03197121F6493A500720808 /* TORLogging.h in Headers */,
			);
			runOnlyForDeploymentPostprocessing = 0;
		};
/* End PBXHeadersBuildPhase section */

/* Begin PBXLegacyTarget section */
		8A44D72E1FA3C41100C4E1C0 /* xz-iOS */ = {
			isa = PBXLegacyTarget;
			buildArgumentsString = "\"$(SRCROOT)/Tor/xz.sh\"";
			buildConfigurationList = 8A44D72F1FA3C41100C4E1C0 /* Build configuration list for PBXLegacyTarget "xz-iOS" */;
			buildPhases = (
			);
			buildToolPath = /bin/bash;
			buildWorkingDirectory = Tor/xz;
			dependencies = (
			);
			name = "xz-iOS";
			passBuildSettingsInEnvironment = 1;
			productName = openssl;
		};
		8A44D7321FA3C41700C4E1C0 /* xz-Mac */ = {
			isa = PBXLegacyTarget;
			buildArgumentsString = "\"$(SRCROOT)/Tor/xz.sh\"";
			buildConfigurationList = 8A44D7331FA3C41700C4E1C0 /* Build configuration list for PBXLegacyTarget "xz-Mac" */;
			buildPhases = (
			);
			buildToolPath = /bin/bash;
			buildWorkingDirectory = Tor/xz;
			dependencies = (
			);
			name = "xz-Mac";
			passBuildSettingsInEnvironment = 1;
			productName = "openssl-OSX";
		};
		D0198A9C1C63DA5D00EA0043 /* openssl-Mac */ = {
			isa = PBXLegacyTarget;
			buildArgumentsString = "\"$(SRCROOT)/Tor/openssl.sh\"";
			buildConfigurationList = D0198A9D1C63DA5D00EA0043 /* Build configuration list for PBXLegacyTarget "openssl-Mac" */;
			buildPhases = (
			);
			buildToolPath = /bin/bash;
			buildWorkingDirectory = Tor/openssl;
			dependencies = (
			);
			name = "openssl-Mac";
			passBuildSettingsInEnvironment = 1;
			productName = "openssl-OSX";
		};
		D0198AA01C63DE2100EA0043 /* libevent-Mac */ = {
			isa = PBXLegacyTarget;
			buildArgumentsString = "\"$(SRCROOT)/Tor/libevent.sh\"";
			buildConfigurationList = D0198AA11C63DE2100EA0043 /* Build configuration list for PBXLegacyTarget "libevent-Mac" */;
			buildPhases = (
			);
			buildToolPath = /bin/bash;
			buildWorkingDirectory = Tor/libevent;
			dependencies = (
				D0198AAD1C63DF5700EA0043 /* PBXTargetDependency */,
			);
			name = "libevent-Mac";
			passBuildSettingsInEnvironment = 1;
			productName = "libevent-OSX";
		};
		D0198AA41C63DEFF00EA0043 /* tor-Mac */ = {
			isa = PBXLegacyTarget;
			buildArgumentsString = "\"$(SRCROOT)/Tor/tor.sh\"";
			buildConfigurationList = D0198AA91C63DEFF00EA0043 /* Build configuration list for PBXLegacyTarget "tor-Mac" */;
			buildPhases = (
			);
			buildToolPath = /bin/bash;
			buildWorkingDirectory = Tor/tor;
			dependencies = (
				8A44D7391FA3C44E00C4E1C0 /* PBXTargetDependency */,
				D0198AAF1C63DF6000EA0043 /* PBXTargetDependency */,
				D0198AB11C63DF6000EA0043 /* PBXTargetDependency */,
			);
			name = "tor-Mac";
			passBuildSettingsInEnvironment = 1;
			productName = tor;
		};
		D0FBEC871B79BC19005C7577 /* tor-iOS */ = {
			isa = PBXLegacyTarget;
			buildArgumentsString = "\"$(SRCROOT)/Tor/tor.sh\"";
			buildConfigurationList = D0FBEC881B79BC19005C7577 /* Build configuration list for PBXLegacyTarget "tor-iOS" */;
			buildPhases = (
			);
			buildToolPath = /bin/bash;
			buildWorkingDirectory = Tor/tor;
			dependencies = (
				8A44D7371FA3C44800C4E1C0 /* PBXTargetDependency */,
				D0FBECC31B79C54E005C7577 /* PBXTargetDependency */,
				D0FBECC51B79C54E005C7577 /* PBXTargetDependency */,
			);
			name = "tor-iOS";
			passBuildSettingsInEnvironment = 1;
			productName = tor;
		};
		D0FBEC8B1B79BC22005C7577 /* libevent-iOS */ = {
			isa = PBXLegacyTarget;
			buildArgumentsString = "\"$(SRCROOT)/Tor/libevent.sh\"";
			buildConfigurationList = D0FBEC8C1B79BC22005C7577 /* Build configuration list for PBXLegacyTarget "libevent-iOS" */;
			buildPhases = (
			);
			buildToolPath = /bin/bash;
			buildWorkingDirectory = Tor/libevent;
			dependencies = (
				D0B283A91B79C90400D0DDA9 /* PBXTargetDependency */,
			);
			name = "libevent-iOS";
			passBuildSettingsInEnvironment = 1;
			productName = libevent;
		};
		D0FBEC8F1B79BC2A005C7577 /* openssl-iOS */ = {
			isa = PBXLegacyTarget;
			buildArgumentsString = "\"$(SRCROOT)/Tor/openssl.sh\"";
			buildConfigurationList = D0FBEC901B79BC2A005C7577 /* Build configuration list for PBXLegacyTarget "openssl-iOS" */;
			buildPhases = (
			);
			buildToolPath = /bin/bash;
			buildWorkingDirectory = Tor/openssl;
			dependencies = (
			);
			name = "openssl-iOS";
			passBuildSettingsInEnvironment = 1;
			productName = openssl;
		};
/* End PBXLegacyTarget section */

/* Begin PBXNativeTarget section */
		D012AB841BC290D0004BE7A6 /* Tor-Mac */ = {
			isa = PBXNativeTarget;
			buildConfigurationList = D012AB8A1BC290D0004BE7A6 /* Build configuration list for PBXNativeTarget "Tor-Mac" */;
			buildPhases = (
				D012AB801BC290D0004BE7A6 /* Sources */,
				D012AB811BC290D0004BE7A6 /* Frameworks */,
				D012AB821BC290D0004BE7A6 /* Headers */,
			);
			buildRules = (
			);
			dependencies = (
				D0198AB31C63DF9A00EA0043 /* PBXTargetDependency */,
			);
			name = "Tor-Mac";
			productName = "Tor-Mac";
			productReference = D012AB851BC290D0004BE7A6 /* Tor.framework */;
			productType = "com.apple.product-type.framework";
		};
		D08892E21DDA692C009DB0CD /* Host-Mac */ = {
			isa = PBXNativeTarget;
			buildConfigurationList = D08892E71DDA692C009DB0CD /* Build configuration list for PBXNativeTarget "Host-Mac" */;
			buildPhases = (
				D08892E31DDA692C009DB0CD /* Sources */,
				D08892E51DDA692C009DB0CD /* Frameworks */,
				D08892E61DDA692C009DB0CD /* Resources */,
			);
			buildRules = (
			);
			dependencies = (
			);
			name = "Host-Mac";
			productName = Host;
			productReference = D08892EA1DDA692C009DB0CD /* Host.app */;
			productType = "com.apple.product-type.application";
		};
		D0928DB31C7A99C300D15679 /* TorTests-Mac */ = {
			isa = PBXNativeTarget;
			buildConfigurationList = D08892BD1DDA5C33009DB0CD /* Build configuration list for PBXNativeTarget "TorTests-Mac" */;
			buildPhases = (
				D0928DB01C7A99C300D15679 /* Sources */,
				D0928DB11C7A99C300D15679 /* Frameworks */,
				D0928DB21C7A99C300D15679 /* Resources */,
			);
			buildRules = (
			);
			dependencies = (
				D08892F11DDA6A5E009DB0CD /* PBXTargetDependency */,
				D0928DBB1C7A99C300D15679 /* PBXTargetDependency */,
			);
			name = "TorTests-Mac";
			productName = "TorTests-Mac";
			productType = "com.apple.product-type.bundle.unit-test";
		};
		D0B283B71B79D7FA00D0DDA9 /* Host-iOS */ = {
			isa = PBXNativeTarget;
			buildConfigurationList = D0B283CC1B79D7FB00D0DDA9 /* Build configuration list for PBXNativeTarget "Host-iOS" */;
			buildPhases = (
				D0B283B41B79D7FA00D0DDA9 /* Sources */,
				D0B283B51B79D7FA00D0DDA9 /* Frameworks */,
				D0B283B61B79D7FA00D0DDA9 /* Resources */,
			);
			buildRules = (
			);
			dependencies = (
			);
			name = "Host-iOS";
			productName = Host;
			productReference = D0B283B81B79D7FA00D0DDA9 /* Host.app */;
			productType = "com.apple.product-type.application";
		};
		D0FBEC6C1B79BAD7005C7577 /* Tor-iOS */ = {
			isa = PBXNativeTarget;
			buildConfigurationList = D0FBEC751B79BAD7005C7577 /* Build configuration list for PBXNativeTarget "Tor-iOS" */;
			buildPhases = (
				D0FBEC681B79BAD7005C7577 /* Sources */,
				D0FBEC691B79BAD7005C7577 /* Frameworks */,
				D0FBEC6A1B79BAD7005C7577 /* Headers */,
			);
			buildRules = (
			);
			dependencies = (
				D0B59CF41B8D7DFA00AFDFF9 /* PBXTargetDependency */,
			);
			name = "Tor-iOS";
			productName = Tor;
			productReference = D0FBEC6D1B79BAD7005C7577 /* Tor.framework */;
			productType = "com.apple.product-type.framework";
		};
		D0FBEC7B1B79BB01005C7577 /* TorTests-iOS */ = {
			isa = PBXNativeTarget;
			buildConfigurationList = D0FBEC841B79BB01005C7577 /* Build configuration list for PBXNativeTarget "TorTests-iOS" */;
			buildPhases = (
				D0FBEC781B79BB01005C7577 /* Sources */,
				D0FBEC791B79BB01005C7577 /* Frameworks */,
				D0FBEC7A1B79BB01005C7577 /* Resources */,
			);
			buildRules = (
			);
			dependencies = (
				D0FBEC831B79BB01005C7577 /* PBXTargetDependency */,
				D0AE19351B79D9AE0042BBC8 /* PBXTargetDependency */,
			);
			name = "TorTests-iOS";
			productName = Tests;
			productReference = D0FBEC7C1B79BB01005C7577 /* TorTests.xctest */;
			productType = "com.apple.product-type.bundle.unit-test";
		};
/* End PBXNativeTarget section */

/* Begin PBXProject section */
		D0FBEC641B79BAD7005C7577 /* Project object */ = {
			isa = PBXProject;
			attributes = {
				LastUpgradeCheck = 0930;
				ORGANIZATIONNAME = "Conrad Kramer";
				TargetAttributes = {
					D012AB841BC290D0004BE7A6 = {
						CreatedOnToolsVersion = 7.1;
					};
					D0198A9C1C63DA5D00EA0043 = {
						CreatedOnToolsVersion = 7.2;
					};
					D0198AA01C63DE2100EA0043 = {
						CreatedOnToolsVersion = 7.2;
					};
					D08892E21DDA692C009DB0CD = {
						ProvisioningStyle = Automatic;
					};
					D0928DB31C7A99C300D15679 = {
						CreatedOnToolsVersion = 7.2.1;
						ProvisioningStyle = Automatic;
						TestTargetID = D08892E21DDA692C009DB0CD;
					};
					D0B283B71B79D7FA00D0DDA9 = {
						CreatedOnToolsVersion = 7.0;
					};
					D0FBEC6C1B79BAD7005C7577 = {
						CreatedOnToolsVersion = 7.0;
					};
					D0FBEC7B1B79BB01005C7577 = {
						CreatedOnToolsVersion = 7.0;
						TestTargetID = D0B283B71B79D7FA00D0DDA9;
					};
					D0FBEC871B79BC19005C7577 = {
						CreatedOnToolsVersion = 7.0;
					};
					D0FBEC8B1B79BC22005C7577 = {
						CreatedOnToolsVersion = 7.0;
					};
					D0FBEC8F1B79BC2A005C7577 = {
						CreatedOnToolsVersion = 7.0;
					};
				};
			};
			buildConfigurationList = D0FBEC671B79BAD7005C7577 /* Build configuration list for PBXProject "Tor" */;
			compatibilityVersion = "Xcode 3.2";
			developmentRegion = English;
			hasScannedForEncodings = 0;
			knownRegions = (
				en,
				Base,
			);
			mainGroup = D0FBEC631B79BAD7005C7577;
			productRefGroup = D0FBEC6E1B79BAD7005C7577 /* Products */;
			projectDirPath = "";
			projectRoot = "";
			targets = (
				D0FBEC6C1B79BAD7005C7577 /* Tor-iOS */,
				D012AB841BC290D0004BE7A6 /* Tor-Mac */,
				D0FBEC7B1B79BB01005C7577 /* TorTests-iOS */,
				D0928DB31C7A99C300D15679 /* TorTests-Mac */,
				D0B283B71B79D7FA00D0DDA9 /* Host-iOS */,
				D08892E21DDA692C009DB0CD /* Host-Mac */,
				D0FBEC871B79BC19005C7577 /* tor-iOS */,
				D0198AA41C63DEFF00EA0043 /* tor-Mac */,
				D0FBEC8B1B79BC22005C7577 /* libevent-iOS */,
				D0198AA01C63DE2100EA0043 /* libevent-Mac */,
				D0FBEC8F1B79BC2A005C7577 /* openssl-iOS */,
				D0198A9C1C63DA5D00EA0043 /* openssl-Mac */,
				8A44D72E1FA3C41100C4E1C0 /* xz-iOS */,
				8A44D7321FA3C41700C4E1C0 /* xz-Mac */,
			);
		};
/* End PBXProject section */

/* Begin PBXResourcesBuildPhase section */
		D08892E61DDA692C009DB0CD /* Resources */ = {
			isa = PBXResourcesBuildPhase;
			buildActionMask = 2147483647;
			files = (
				D08892ED1DDA69C1009DB0CD /* MainMenu.xib in Resources */,
			);
			runOnlyForDeploymentPostprocessing = 0;
		};
		D0928DB21C7A99C300D15679 /* Resources */ = {
			isa = PBXResourcesBuildPhase;
			buildActionMask = 2147483647;
			files = (
			);
			runOnlyForDeploymentPostprocessing = 0;
		};
		D0B283B61B79D7FA00D0DDA9 /* Resources */ = {
			isa = PBXResourcesBuildPhase;
			buildActionMask = 2147483647;
			files = (
			);
			runOnlyForDeploymentPostprocessing = 0;
		};
		D0FBEC7A1B79BB01005C7577 /* Resources */ = {
			isa = PBXResourcesBuildPhase;
			buildActionMask = 2147483647;
			files = (
			);
			runOnlyForDeploymentPostprocessing = 0;
		};
/* End PBXResourcesBuildPhase section */

/* Begin PBXSourcesBuildPhase section */
		D012AB801BC290D0004BE7A6 /* Sources */ = {
			isa = PBXSourcesBuildPhase;
			buildActionMask = 2147483647;
			files = (
				D0198A9B1C63D97C00EA0043 /* TORThread.m in Sources */,
				D012AB8F1BC29220004BE7A6 /* TORConfiguration.m in Sources */,
				D012AB8D1BC2920C004BE7A6 /* TORController.m in Sources */,
				D03197151F6493A500720808 /* TORLogging.m in Sources */,
			);
			runOnlyForDeploymentPostprocessing = 0;
		};
		D08892E31DDA692C009DB0CD /* Sources */ = {
			isa = PBXSourcesBuildPhase;
			buildActionMask = 2147483647;
			files = (
				D08892EC1DDA69C1009DB0CD /* main.m in Sources */,
			);
			runOnlyForDeploymentPostprocessing = 0;
		};
		D0928DB01C7A99C300D15679 /* Sources */ = {
			isa = PBXSourcesBuildPhase;
			buildActionMask = 2147483647;
			files = (
				D08892BE1DDA5C36009DB0CD /* TORConfigurationTests.m in Sources */,
				D08892C01DDA5E9A009DB0CD /* TORControllerTests.m in Sources */,
			);
			runOnlyForDeploymentPostprocessing = 0;
		};
		D0B283B41B79D7FA00D0DDA9 /* Sources */ = {
			isa = PBXSourcesBuildPhase;
			buildActionMask = 2147483647;
			files = (
				D0B283D51B79D84100D0DDA9 /* main.m in Sources */,
			);
			runOnlyForDeploymentPostprocessing = 0;
		};
		D0FBEC681B79BAD7005C7577 /* Sources */ = {
			isa = PBXSourcesBuildPhase;
			buildActionMask = 2147483647;
			files = (
				D0FBEC981B79BCF6005C7577 /* TORController.m in Sources */,
				D0FBEC9A1B79BCF6005C7577 /* TORThread.m in Sources */,
				D0B283AF1B79CF6600D0DDA9 /* TORConfiguration.m in Sources */,
				D03197141F6493A500720808 /* TORLogging.m in Sources */,
			);
			runOnlyForDeploymentPostprocessing = 0;
		};
		D0FBEC781B79BB01005C7577 /* Sources */ = {
			isa = PBXSourcesBuildPhase;
			buildActionMask = 2147483647;
			files = (
				D0B283B11B79D73700D0DDA9 /* TORConfigurationTests.m in Sources */,
				D08892BF1DDA5E99009DB0CD /* TORControllerTests.m in Sources */,
			);
			runOnlyForDeploymentPostprocessing = 0;
		};
/* End PBXSourcesBuildPhase section */

/* Begin PBXTargetDependency section */
		8A44D7371FA3C44800C4E1C0 /* PBXTargetDependency */ = {
			isa = PBXTargetDependency;
			target = 8A44D72E1FA3C41100C4E1C0 /* xz-iOS */;
			targetProxy = 8A44D7361FA3C44800C4E1C0 /* PBXContainerItemProxy */;
		};
		8A44D7391FA3C44E00C4E1C0 /* PBXTargetDependency */ = {
			isa = PBXTargetDependency;
			target = 8A44D7321FA3C41700C4E1C0 /* xz-Mac */;
			targetProxy = 8A44D7381FA3C44E00C4E1C0 /* PBXContainerItemProxy */;
		};
		D0198AAD1C63DF5700EA0043 /* PBXTargetDependency */ = {
			isa = PBXTargetDependency;
			target = D0198A9C1C63DA5D00EA0043 /* openssl-Mac */;
			targetProxy = D0198AAC1C63DF5700EA0043 /* PBXContainerItemProxy */;
		};
		D0198AAF1C63DF6000EA0043 /* PBXTargetDependency */ = {
			isa = PBXTargetDependency;
			target = D0198AA01C63DE2100EA0043 /* libevent-Mac */;
			targetProxy = D0198AAE1C63DF6000EA0043 /* PBXContainerItemProxy */;
		};
		D0198AB11C63DF6000EA0043 /* PBXTargetDependency */ = {
			isa = PBXTargetDependency;
			target = D0198A9C1C63DA5D00EA0043 /* openssl-Mac */;
			targetProxy = D0198AB01C63DF6000EA0043 /* PBXContainerItemProxy */;
		};
		D0198AB31C63DF9A00EA0043 /* PBXTargetDependency */ = {
			isa = PBXTargetDependency;
			target = D0198AA41C63DEFF00EA0043 /* tor-Mac */;
			targetProxy = D0198AB21C63DF9A00EA0043 /* PBXContainerItemProxy */;
		};
		D08892F11DDA6A5E009DB0CD /* PBXTargetDependency */ = {
			isa = PBXTargetDependency;
			target = D08892E21DDA692C009DB0CD /* Host-Mac */;
			targetProxy = D08892F01DDA6A5E009DB0CD /* PBXContainerItemProxy */;
		};
		D0928DBB1C7A99C300D15679 /* PBXTargetDependency */ = {
			isa = PBXTargetDependency;
			target = D012AB841BC290D0004BE7A6 /* Tor-Mac */;
			targetProxy = D0928DBA1C7A99C300D15679 /* PBXContainerItemProxy */;
		};
		D0AE19351B79D9AE0042BBC8 /* PBXTargetDependency */ = {
			isa = PBXTargetDependency;
			target = D0B283B71B79D7FA00D0DDA9 /* Host-iOS */;
			targetProxy = D0AE19341B79D9AE0042BBC8 /* PBXContainerItemProxy */;
		};
		D0B283A91B79C90400D0DDA9 /* PBXTargetDependency */ = {
			isa = PBXTargetDependency;
			target = D0FBEC8F1B79BC2A005C7577 /* openssl-iOS */;
			targetProxy = D0B283A81B79C90400D0DDA9 /* PBXContainerItemProxy */;
		};
		D0B59CF41B8D7DFA00AFDFF9 /* PBXTargetDependency */ = {
			isa = PBXTargetDependency;
			target = D0FBEC871B79BC19005C7577 /* tor-iOS */;
			targetProxy = D0B59CF31B8D7DFA00AFDFF9 /* PBXContainerItemProxy */;
		};
		D0FBEC831B79BB01005C7577 /* PBXTargetDependency */ = {
			isa = PBXTargetDependency;
			target = D0FBEC6C1B79BAD7005C7577 /* Tor-iOS */;
			targetProxy = D0FBEC821B79BB01005C7577 /* PBXContainerItemProxy */;
		};
		D0FBECC31B79C54E005C7577 /* PBXTargetDependency */ = {
			isa = PBXTargetDependency;
			target = D0FBEC8B1B79BC22005C7577 /* libevent-iOS */;
			targetProxy = D0FBECC21B79C54E005C7577 /* PBXContainerItemProxy */;
		};
		D0FBECC51B79C54E005C7577 /* PBXTargetDependency */ = {
			isa = PBXTargetDependency;
			target = D0FBEC8F1B79BC2A005C7577 /* openssl-iOS */;
			targetProxy = D0FBECC41B79C54E005C7577 /* PBXContainerItemProxy */;
		};
/* End PBXTargetDependency section */

/* Begin XCBuildConfiguration section */
		8A44D7301FA3C41100C4E1C0 /* Debug */ = {
			isa = XCBuildConfiguration;
			baseConfigurationReference = D03196E41F647A7100720808 /* iOS-StaticLibrary.xcconfig */;
			buildSettings = {
				IPHONEOS_DEPLOYMENT_TARGET = 8.0;
				PRODUCT_NAME = liblzma;
			};
			name = Debug;
		};
		8A44D7311FA3C41100C4E1C0 /* Release */ = {
			isa = XCBuildConfiguration;
			buildSettings = {
				IPHONEOS_DEPLOYMENT_TARGET = 8.0;
				PRODUCT_NAME = liblzma;
			};
			name = Release;
		};
		8A44D7341FA3C41700C4E1C0 /* Debug */ = {
			isa = XCBuildConfiguration;
			baseConfigurationReference = D03196E51F647A7F00720808 /* Mac-StaticLibrary.xcconfig */;
			buildSettings = {
				MACOSX_DEPLOYMENT_TARGET = 10.9;
				PRODUCT_NAME = liblzma;
				SDKROOT = macosx;
			};
			name = Debug;
		};
		8A44D7351FA3C41700C4E1C0 /* Release */ = {
			isa = XCBuildConfiguration;
			buildSettings = {
				MACOSX_DEPLOYMENT_TARGET = 10.9;
				PRODUCT_NAME = liblzma;
				SDKROOT = macosx;
			};
			name = Release;
		};
		D012AB8B1BC290D0004BE7A6 /* Debug */ = {
			isa = XCBuildConfiguration;
			baseConfigurationReference = D0401AD71D2CB8C300602E9B /* Tor-Mac.xcconfig */;
			buildSettings = {
			};
			name = Debug;
		};
		D012AB8C1BC290D0004BE7A6 /* Release */ = {
			isa = XCBuildConfiguration;
			baseConfigurationReference = D0401AD71D2CB8C300602E9B /* Tor-Mac.xcconfig */;
			buildSettings = {
			};
			name = Release;
		};
		D0198A9E1C63DA5D00EA0043 /* Debug */ = {
			isa = XCBuildConfiguration;
			baseConfigurationReference = D03196E51F647A7F00720808 /* Mac-StaticLibrary.xcconfig */;
			buildSettings = {
				MACOSX_DEPLOYMENT_TARGET = 10.9;
				PRODUCT_NAME = openssl;
				SDKROOT = macosx;
			};
			name = Debug;
		};
		D0198A9F1C63DA5D00EA0043 /* Release */ = {
			isa = XCBuildConfiguration;
			buildSettings = {
				MACOSX_DEPLOYMENT_TARGET = 10.9;
				PRODUCT_NAME = openssl;
				SDKROOT = macosx;
			};
			name = Release;
		};
		D0198AA21C63DE2100EA0043 /* Debug */ = {
			isa = XCBuildConfiguration;
			baseConfigurationReference = D03196E51F647A7F00720808 /* Mac-StaticLibrary.xcconfig */;
			buildSettings = {
				MACOSX_DEPLOYMENT_TARGET = 10.9;
				OTHER_CFLAGS = "-I\"$(SRCROOT)/Tor/openssl/include\"";
				OTHER_LDFLAGS = "-L$(BUILT_PRODUCTS_DIR)";
				PRODUCT_NAME = libevent;
				SDKROOT = macosx;
			};
			name = Debug;
		};
		D0198AA31C63DE2100EA0043 /* Release */ = {
			isa = XCBuildConfiguration;
			buildSettings = {
				MACOSX_DEPLOYMENT_TARGET = 10.9;
				OTHER_CFLAGS = "-I\"$(SRCROOT)/Tor/openssl/include\"";
				OTHER_LDFLAGS = "-L$(BUILT_PRODUCTS_DIR)";
				PRODUCT_NAME = libevent;
				SDKROOT = macosx;
			};
			name = Release;
		};
		D0198AAA1C63DEFF00EA0043 /* Debug */ = {
			isa = XCBuildConfiguration;
			baseConfigurationReference = D03196E51F647A7F00720808 /* Mac-StaticLibrary.xcconfig */;
			buildSettings = {
				MACOSX_DEPLOYMENT_TARGET = 10.9;
				OTHER_LDFLAGS = "-L$(BUILT_PRODUCTS_DIR)";
				PRODUCT_NAME = tor;
				SDKROOT = macosx;
			};
			name = Debug;
		};
		D0198AAB1C63DEFF00EA0043 /* Release */ = {
			isa = XCBuildConfiguration;
			buildSettings = {
				MACOSX_DEPLOYMENT_TARGET = 10.9;
				OTHER_LDFLAGS = "-L$(BUILT_PRODUCTS_DIR)";
				PRODUCT_NAME = tor;
				SDKROOT = macosx;
			};
			name = Release;
		};
		D08892BB1DDA5C33009DB0CD /* Debug */ = {
			isa = XCBuildConfiguration;
			buildSettings = {
				CODE_SIGN_IDENTITY = "Mac Developer";
				COPY_PHASE_STRIP = NO;
				DEVELOPMENT_TEAM = "";
				GCC_DYNAMIC_NO_PIC = NO;
				GCC_OPTIMIZATION_LEVEL = 0;
				PRODUCT_BUNDLE_IDENTIFIER = org.torproject.Tests;
				PRODUCT_NAME = TorTests;
				SDKROOT = macosx;
				TEST_HOST = "$(BUILT_PRODUCTS_DIR)/Host.app/Contents/MacOS/Host";
			};
			name = Debug;
		};
		D08892BC1DDA5C33009DB0CD /* Release */ = {
			isa = XCBuildConfiguration;
			buildSettings = {
				CODE_SIGN_IDENTITY = "Mac Developer";
				COPY_PHASE_STRIP = YES;
				DEBUG_INFORMATION_FORMAT = "dwarf-with-dsym";
				DEVELOPMENT_TEAM = "";
				PRODUCT_BUNDLE_IDENTIFIER = org.torproject.Tests;
				PRODUCT_NAME = TorTests;
				SDKROOT = macosx;
				TEST_HOST = "$(BUILT_PRODUCTS_DIR)/Host.app/Contents/MacOS/Host";
			};
			name = Release;
		};
		D08892E81DDA692C009DB0CD /* Debug */ = {
			isa = XCBuildConfiguration;
			buildSettings = {
				CODE_SIGN_IDENTITY = "Mac Developer";
				DEVELOPMENT_TEAM = "";
				INFOPLIST_FILE = "Tests/Host-Mac/Info.plist";
				LD_RUNPATH_SEARCH_PATHS = "$(inherited) @executable_path/Frameworks";
				MACOSX_DEPLOYMENT_TARGET = 10.9;
				PRODUCT_BUNDLE_IDENTIFIER = org.torproject.Host;
				PRODUCT_NAME = Host;
				SDKROOT = macosx;
			};
			name = Debug;
		};
		D08892E91DDA692C009DB0CD /* Release */ = {
			isa = XCBuildConfiguration;
			buildSettings = {
				CODE_SIGN_IDENTITY = "Mac Developer";
				DEVELOPMENT_TEAM = "";
				INFOPLIST_FILE = "Tests/Host-Mac/Info.plist";
				LD_RUNPATH_SEARCH_PATHS = "$(inherited) @executable_path/Frameworks";
				MACOSX_DEPLOYMENT_TARGET = 10.9;
				PRODUCT_BUNDLE_IDENTIFIER = org.torproject.Host;
				PRODUCT_NAME = Host;
				SDKROOT = macosx;
			};
			name = Release;
		};
		D0B283CD1B79D7FB00D0DDA9 /* Debug */ = {
			isa = XCBuildConfiguration;
			buildSettings = {
				INFOPLIST_FILE = "Tests/Host-iOS/Info.plist";
				IPHONEOS_DEPLOYMENT_TARGET = 8.0;
				LD_RUNPATH_SEARCH_PATHS = "$(inherited) @executable_path/Frameworks";
				PRODUCT_BUNDLE_IDENTIFIER = org.torproject.Host;
				PRODUCT_NAME = Host;
			};
			name = Debug;
		};
		D0B283CE1B79D7FB00D0DDA9 /* Release */ = {
			isa = XCBuildConfiguration;
			buildSettings = {
				INFOPLIST_FILE = "Tests/Host-iOS/Info.plist";
				IPHONEOS_DEPLOYMENT_TARGET = 8.0;
				LD_RUNPATH_SEARCH_PATHS = "$(inherited) @executable_path/Frameworks";
				PRODUCT_BUNDLE_IDENTIFIER = org.torproject.Host;
				PRODUCT_NAME = Host;
			};
			name = Release;
		};
		D0FBEC731B79BAD7005C7577 /* Debug */ = {
			isa = XCBuildConfiguration;
			baseConfigurationReference = D0593D741F27F21800A8872F /* Debug.xcconfig */;
			buildSettings = {
				CLANG_WARN_BLOCK_CAPTURE_AUTORELEASING = YES;
				CLANG_WARN_COMMA = YES;
				CLANG_WARN_INFINITE_RECURSION = YES;
				CLANG_WARN_OBJC_IMPLICIT_RETAIN_SELF = YES;
				CLANG_WARN_RANGE_LOOP_ANALYSIS = YES;
				CLANG_WARN_STRICT_PROTOTYPES = YES;
				CLANG_WARN_SUSPICIOUS_MOVE = YES;
				ENABLE_TESTABILITY = YES;
			};
			name = Debug;
		};
		D0FBEC741B79BAD7005C7577 /* Release */ = {
			isa = XCBuildConfiguration;
			baseConfigurationReference = D0593D731F27F21800A8872F /* Release.xcconfig */;
			buildSettings = {
				CLANG_WARN_BLOCK_CAPTURE_AUTORELEASING = YES;
				CLANG_WARN_COMMA = YES;
				CLANG_WARN_INFINITE_RECURSION = YES;
				CLANG_WARN_OBJC_IMPLICIT_RETAIN_SELF = YES;
				CLANG_WARN_RANGE_LOOP_ANALYSIS = YES;
				CLANG_WARN_STRICT_PROTOTYPES = YES;
				CLANG_WARN_SUSPICIOUS_MOVE = YES;
				GCC_PREPROCESSOR_DEFINITIONS = "";
			};
			name = Release;
		};
		D0FBEC761B79BAD7005C7577 /* Debug */ = {
			isa = XCBuildConfiguration;
			baseConfigurationReference = D0401AD61D2CB8C300602E9B /* Tor-iOS.xcconfig */;
			buildSettings = {
			};
			name = Debug;
		};
		D0FBEC771B79BAD7005C7577 /* Release */ = {
			isa = XCBuildConfiguration;
			baseConfigurationReference = D0401AD61D2CB8C300602E9B /* Tor-iOS.xcconfig */;
			buildSettings = {
			};
			name = Release;
		};
		D0FBEC851B79BB01005C7577 /* Debug */ = {
			isa = XCBuildConfiguration;
			buildSettings = {
				INFOPLIST_FILE = Tests/Info.plist;
				IPHONEOS_DEPLOYMENT_TARGET = 8.0;
				LD_RUNPATH_SEARCH_PATHS = "$(inherited) @executable_path/Frameworks @loader_path/Frameworks";
				PRODUCT_BUNDLE_IDENTIFIER = org.torproject.Tests;
				PRODUCT_NAME = TorTests;
				TEST_HOST = "$(BUILT_PRODUCTS_DIR)/Host.app/Host";
			};
			name = Debug;
		};
		D0FBEC861B79BB01005C7577 /* Release */ = {
			isa = XCBuildConfiguration;
			buildSettings = {
				INFOPLIST_FILE = Tests/Info.plist;
				IPHONEOS_DEPLOYMENT_TARGET = 8.0;
				LD_RUNPATH_SEARCH_PATHS = "$(inherited) @executable_path/Frameworks @loader_path/Frameworks";
				PRODUCT_BUNDLE_IDENTIFIER = org.torproject.Tests;
				PRODUCT_NAME = TorTests;
				TEST_HOST = "$(BUILT_PRODUCTS_DIR)/Host.app/Host";
			};
			name = Release;
		};
		D0FBEC891B79BC19005C7577 /* Debug */ = {
			isa = XCBuildConfiguration;
			baseConfigurationReference = D03196E41F647A7100720808 /* iOS-StaticLibrary.xcconfig */;
			buildSettings = {
				IPHONEOS_DEPLOYMENT_TARGET = 8.0;
				PRODUCT_NAME = tor;
			};
			name = Debug;
		};
		D0FBEC8A1B79BC19005C7577 /* Release */ = {
			isa = XCBuildConfiguration;
			buildSettings = {
				IPHONEOS_DEPLOYMENT_TARGET = 8.0;
				PRODUCT_NAME = tor;
			};
			name = Release;
		};
		D0FBEC8D1B79BC22005C7577 /* Debug */ = {
			isa = XCBuildConfiguration;
			baseConfigurationReference = D03196E41F647A7100720808 /* iOS-StaticLibrary.xcconfig */;
			buildSettings = {
				IPHONEOS_DEPLOYMENT_TARGET = 8.0;
				PRODUCT_NAME = libevent;
			};
			name = Debug;
		};
		D0FBEC8E1B79BC22005C7577 /* Release */ = {
			isa = XCBuildConfiguration;
			buildSettings = {
				IPHONEOS_DEPLOYMENT_TARGET = 8.0;
				PRODUCT_NAME = libevent;
			};
			name = Release;
		};
		D0FBEC911B79BC2A005C7577 /* Debug */ = {
			isa = XCBuildConfiguration;
			baseConfigurationReference = D03196E41F647A7100720808 /* iOS-StaticLibrary.xcconfig */;
			buildSettings = {
				IPHONEOS_DEPLOYMENT_TARGET = 8.0;
				PRODUCT_NAME = openssl;
			};
			name = Debug;
		};
		D0FBEC921B79BC2A005C7577 /* Release */ = {
			isa = XCBuildConfiguration;
			buildSettings = {
				IPHONEOS_DEPLOYMENT_TARGET = 8.0;
				PRODUCT_NAME = openssl;
			};
			name = Release;
		};
/* End XCBuildConfiguration section */

/* Begin XCConfigurationList section */
		8A44D72F1FA3C41100C4E1C0 /* Build configuration list for PBXLegacyTarget "xz-iOS" */ = {
			isa = XCConfigurationList;
			buildConfigurations = (
				8A44D7301FA3C41100C4E1C0 /* Debug */,
				8A44D7311FA3C41100C4E1C0 /* Release */,
			);
			defaultConfigurationIsVisible = 0;
			defaultConfigurationName = Release;
		};
		8A44D7331FA3C41700C4E1C0 /* Build configuration list for PBXLegacyTarget "xz-Mac" */ = {
			isa = XCConfigurationList;
			buildConfigurations = (
				8A44D7341FA3C41700C4E1C0 /* Debug */,
				8A44D7351FA3C41700C4E1C0 /* Release */,
			);
			defaultConfigurationIsVisible = 0;
			defaultConfigurationName = Release;
		};
		D012AB8A1BC290D0004BE7A6 /* Build configuration list for PBXNativeTarget "Tor-Mac" */ = {
			isa = XCConfigurationList;
			buildConfigurations = (
				D012AB8B1BC290D0004BE7A6 /* Debug */,
				D012AB8C1BC290D0004BE7A6 /* Release */,
			);
			defaultConfigurationIsVisible = 0;
			defaultConfigurationName = Release;
		};
		D0198A9D1C63DA5D00EA0043 /* Build configuration list for PBXLegacyTarget "openssl-Mac" */ = {
			isa = XCConfigurationList;
			buildConfigurations = (
				D0198A9E1C63DA5D00EA0043 /* Debug */,
				D0198A9F1C63DA5D00EA0043 /* Release */,
			);
			defaultConfigurationIsVisible = 0;
			defaultConfigurationName = Release;
		};
		D0198AA11C63DE2100EA0043 /* Build configuration list for PBXLegacyTarget "libevent-Mac" */ = {
			isa = XCConfigurationList;
			buildConfigurations = (
				D0198AA21C63DE2100EA0043 /* Debug */,
				D0198AA31C63DE2100EA0043 /* Release */,
			);
			defaultConfigurationIsVisible = 0;
			defaultConfigurationName = Release;
		};
		D0198AA91C63DEFF00EA0043 /* Build configuration list for PBXLegacyTarget "tor-Mac" */ = {
			isa = XCConfigurationList;
			buildConfigurations = (
				D0198AAA1C63DEFF00EA0043 /* Debug */,
				D0198AAB1C63DEFF00EA0043 /* Release */,
			);
			defaultConfigurationIsVisible = 0;
			defaultConfigurationName = Release;
		};
		D08892BD1DDA5C33009DB0CD /* Build configuration list for PBXNativeTarget "TorTests-Mac" */ = {
			isa = XCConfigurationList;
			buildConfigurations = (
				D08892BB1DDA5C33009DB0CD /* Debug */,
				D08892BC1DDA5C33009DB0CD /* Release */,
			);
			defaultConfigurationIsVisible = 0;
			defaultConfigurationName = Release;
		};
		D08892E71DDA692C009DB0CD /* Build configuration list for PBXNativeTarget "Host-Mac" */ = {
			isa = XCConfigurationList;
			buildConfigurations = (
				D08892E81DDA692C009DB0CD /* Debug */,
				D08892E91DDA692C009DB0CD /* Release */,
			);
			defaultConfigurationIsVisible = 0;
			defaultConfigurationName = Release;
		};
		D0B283CC1B79D7FB00D0DDA9 /* Build configuration list for PBXNativeTarget "Host-iOS" */ = {
			isa = XCConfigurationList;
			buildConfigurations = (
				D0B283CD1B79D7FB00D0DDA9 /* Debug */,
				D0B283CE1B79D7FB00D0DDA9 /* Release */,
			);
			defaultConfigurationIsVisible = 0;
			defaultConfigurationName = Release;
		};
		D0FBEC671B79BAD7005C7577 /* Build configuration list for PBXProject "Tor" */ = {
			isa = XCConfigurationList;
			buildConfigurations = (
				D0FBEC731B79BAD7005C7577 /* Debug */,
				D0FBEC741B79BAD7005C7577 /* Release */,
			);
			defaultConfigurationIsVisible = 0;
			defaultConfigurationName = Release;
		};
		D0FBEC751B79BAD7005C7577 /* Build configuration list for PBXNativeTarget "Tor-iOS" */ = {
			isa = XCConfigurationList;
			buildConfigurations = (
				D0FBEC761B79BAD7005C7577 /* Debug */,
				D0FBEC771B79BAD7005C7577 /* Release */,
			);
			defaultConfigurationIsVisible = 0;
			defaultConfigurationName = Release;
		};
		D0FBEC841B79BB01005C7577 /* Build configuration list for PBXNativeTarget "TorTests-iOS" */ = {
			isa = XCConfigurationList;
			buildConfigurations = (
				D0FBEC851B79BB01005C7577 /* Debug */,
				D0FBEC861B79BB01005C7577 /* Release */,
			);
			defaultConfigurationIsVisible = 0;
			defaultConfigurationName = Release;
		};
		D0FBEC881B79BC19005C7577 /* Build configuration list for PBXLegacyTarget "tor-iOS" */ = {
			isa = XCConfigurationList;
			buildConfigurations = (
				D0FBEC891B79BC19005C7577 /* Debug */,
				D0FBEC8A1B79BC19005C7577 /* Release */,
			);
			defaultConfigurationIsVisible = 0;
			defaultConfigurationName = Release;
		};
		D0FBEC8C1B79BC22005C7577 /* Build configuration list for PBXLegacyTarget "libevent-iOS" */ = {
			isa = XCConfigurationList;
			buildConfigurations = (
				D0FBEC8D1B79BC22005C7577 /* Debug */,
				D0FBEC8E1B79BC22005C7577 /* Release */,
			);
			defaultConfigurationIsVisible = 0;
			defaultConfigurationName = Release;
		};
		D0FBEC901B79BC2A005C7577 /* Build configuration list for PBXLegacyTarget "openssl-iOS" */ = {
			isa = XCConfigurationList;
			buildConfigurations = (
				D0FBEC911B79BC2A005C7577 /* Debug */,
				D0FBEC921B79BC2A005C7577 /* Release */,
			);
			defaultConfigurationIsVisible = 0;
			defaultConfigurationName = Release;
		};
/* End XCConfigurationList section */
	};
	rootObject = D0FBEC641B79BAD7005C7577 /* Project object */;
}
